lockfileVersion: 5.4

specifiers:
  '@actions/artifact': 1.1.1
  '@actions/core': 1.10.0
  '@actions/github': 5.1.1
  '@octokit/core': 4.2.0
  '@octokit/plugin-paginate-graphql': 2.0.1
  '@sinclair/typebox': 0.26.6
  '@sindresorhus/is': 5.3.0
  '@tsconfig/esm': 1.0.2
  '@tsconfig/node16': 1.0.3
  '@types/node': 16.18.22
  esbuild: 0.17.14
  got: 12.6.0
  prettier: 2.8.7
  ts-node: 10.9.1
  typescript: 5.0.2

dependencies:
  '@actions/artifact': 1.1.1
  '@actions/core': 1.10.0
  '@actions/github': 5.1.1
  '@octokit/core': 4.2.0
  '@octokit/plugin-paginate-graphql': 2.0.1_@octokit+core@4.2.0
  '@sinclair/typebox': 0.26.6
  '@sindresorhus/is': 5.3.0
  got: 12.6.0

devDependencies:
  '@tsconfig/esm': 1.0.2
  '@tsconfig/node16': 1.0.3
  '@types/node': 16.18.22
  esbuild: 0.17.14
  prettier: 2.8.7
  ts-node: 10.9.1_pkhrkd4se2kwy6k73i5zdfzaom
  typescript: 5.0.2

packages:

  /@actions/artifact/1.1.1:
    resolution: {integrity: sha512-Vv4y0EW0ptEkU+Pjs5RGS/0EryTvI6s79LjSV9Gg/h+O3H/ddpjhuX/Bi/HZE4pbNPyjGtQjbdFWphkZhmgabA==}
    dependencies:
      '@actions/core': 1.10.0
      '@actions/http-client': 2.1.0
      tmp: 0.2.1
      tmp-promise: 3.0.3
    dev: false

  /@actions/core/1.10.0:
    resolution: {integrity: sha512-2aZDDa3zrrZbP5ZYg159sNoLRb61nQ7awl5pSvIq5Qpj81vwDzdMRKzkWJGJuwVvWpvZKx7vspJALyvaaIQyug==}
    dependencies:
      '@actions/http-client': 2.1.0
      uuid: 8.3.2
    dev: false

  /@actions/github/5.1.1:
    resolution: {integrity: sha512-Nk59rMDoJaV+mHCOJPXuvB1zIbomlKS0dmSIqPGxd0enAXBnOfn4VWF+CGtRCwXZG9Epa54tZA7VIRlJDS8A6g==}
    dependencies:
      '@actions/http-client': 2.1.0
      '@octokit/core': 3.6.0
      '@octokit/plugin-paginate-rest': 2.21.3_@octokit+core@3.6.0
      '@octokit/plugin-rest-endpoint-methods': 5.16.2_@octokit+core@3.6.0
    transitivePeerDependencies:
      - encoding
    dev: false

  /@actions/http-client/2.1.0:
    resolution: {integrity: sha512-BonhODnXr3amchh4qkmjPMUO8mFi/zLaaCeCAJZqch8iQqyDnVIkySjB38VHAC8IJ+bnlgfOqlhpyCUZHlQsqw==}
    dependencies:
      tunnel: 0.0.6
    dev: false

  /@cspotcode/source-map-support/0.8.1:
    resolution: {integrity: sha512-IchNf6dN4tHoMFIn/7OE8LWZ19Y6q/67Bmf6vnGREv8RSbBVb9LPJxEcnwrcwX6ixSvaiGoomAUvu4YSxXrVgw==}
    engines: {node: '>=12'}
    dependencies:
      '@jridgewell/trace-mapping': 0.3.9
    dev: true

  /@esbuild/android-arm/0.17.14:
    resolution: {integrity: sha512-0CnlwnjDU8cks0yJLXfkaU/uoLyRf9VZJs4p1PskBr2AlAHeEsFEwJEo0of/Z3g+ilw5mpyDwThlxzNEIxOE4g==}
    engines: {node: '>=12'}
    cpu: [arm]
    os: [android]
    requiresBuild: true
    dev: true
    optional: true

  /@esbuild/android-arm64/0.17.14:
    resolution: {integrity: sha512-eLOpPO1RvtsP71afiFTvS7tVFShJBCT0txiv/xjFBo5a7R7Gjw7X0IgIaFoLKhqXYAXhahoXm7qAmRXhY4guJg==}
    engines: {node: '>=12'}
    cpu: [arm64]
    os: [android]
    requiresBuild: true
    dev: true
    optional: true

  /@esbuild/android-x64/0.17.14:
    resolution: {integrity: sha512-nrfQYWBfLGfSGLvRVlt6xi63B5IbfHm3tZCdu/82zuFPQ7zez4XjmRtF/wIRYbJQ/DsZrxJdEvYFE67avYXyng==}
    engines: {node: '>=12'}
    cpu: [x64]
    os: [android]
    requiresBuild: true
    dev: true
    optional: true

  /@esbuild/darwin-arm64/0.17.14:
    resolution: {integrity: sha512-eoSjEuDsU1ROwgBH/c+fZzuSyJUVXQTOIN9xuLs9dE/9HbV/A5IqdXHU1p2OfIMwBwOYJ9SFVGGldxeRCUJFyw==}
    engines: {node: '>=12'}
    cpu: [arm64]
    os: [darwin]
    requiresBuild: true
    dev: true
    optional: true

  /@esbuild/darwin-x64/0.17.14:
    resolution: {integrity: sha512-zN0U8RWfrDttdFNkHqFYZtOH8hdi22z0pFm0aIJPsNC4QQZv7je8DWCX5iA4Zx6tRhS0CCc0XC2m7wKsbWEo5g==}
    engines: {node: '>=12'}
    cpu: [x64]
    os: [darwin]
    requiresBuild: true
    dev: true
    optional: true

  /@esbuild/freebsd-arm64/0.17.14:
    resolution: {integrity: sha512-z0VcD4ibeZWVQCW1O7szaLxGsx54gcCnajEJMdYoYjLiq4g1jrP2lMq6pk71dbS5+7op/L2Aod+erw+EUr28/A==}
    engines: {node: '>=12'}
    cpu: [arm64]
    os: [freebsd]
    requiresBuild: true
    dev: true
    optional: true

  /@esbuild/freebsd-x64/0.17.14:
    resolution: {integrity: sha512-hd9mPcxfTgJlolrPlcXkQk9BMwNBvNBsVaUe5eNUqXut6weDQH8whcNaKNF2RO8NbpT6GY8rHOK2A9y++s+ehw==}
    engines: {node: '>=12'}
    cpu: [x64]
    os: [freebsd]
    requiresBuild: true
    dev: true
    optional: true

  /@esbuild/linux-arm/0.17.14:
    resolution: {integrity: sha512-BNTl+wSJ1omsH8s3TkQmIIIQHwvwJrU9u1ggb9XU2KTVM4TmthRIVyxSp2qxROJHhZuW/r8fht46/QE8hU8Qvg==}
    engines: {node: '>=12'}
    cpu: [arm]
    os: [linux]
    requiresBuild: true
    dev: true
    optional: true

  /@esbuild/linux-arm64/0.17.14:
    resolution: {integrity: sha512-FhAMNYOq3Iblcj9i+K0l1Fp/MHt+zBeRu/Qkf0LtrcFu3T45jcwB6A1iMsemQ42vR3GBhjNZJZTaCe3VFPbn9g==}
    engines: {node: '>=12'}
    cpu: [arm64]
    os: [linux]
    requiresBuild: true
    dev: true
    optional: true

  /@esbuild/linux-ia32/0.17.14:
    resolution: {integrity: sha512-91OK/lQ5y2v7AsmnFT+0EyxdPTNhov3y2CWMdizyMfxSxRqHazXdzgBKtlmkU2KYIc+9ZK3Vwp2KyXogEATYxQ==}
    engines: {node: '>=12'}
    cpu: [ia32]
    os: [linux]
    requiresBuild: true
    dev: true
    optional: true

  /@esbuild/linux-loong64/0.17.14:
    resolution: {integrity: sha512-vp15H+5NR6hubNgMluqqKza85HcGJgq7t6rMH7O3Y6ApiOWPkvW2AJfNojUQimfTp6OUrACUXfR4hmpcENXoMQ==}
    engines: {node: '>=12'}
    cpu: [loong64]
    os: [linux]
    requiresBuild: true
    dev: true
    optional: true

  /@esbuild/linux-mips64el/0.17.14:
    resolution: {integrity: sha512-90TOdFV7N+fgi6c2+GO9ochEkmm9kBAKnuD5e08GQMgMINOdOFHuYLPQ91RYVrnWwQ5683sJKuLi9l4SsbJ7Hg==}
    engines: {node: '>=12'}
    cpu: [mips64el]
    os: [linux]
    requiresBuild: true
    dev: true
    optional: true

  /@esbuild/linux-ppc64/0.17.14:
    resolution: {integrity: sha512-NnBGeoqKkTugpBOBZZoktQQ1Yqb7aHKmHxsw43NddPB2YWLAlpb7THZIzsRsTr0Xw3nqiPxbA1H31ZMOG+VVPQ==}
    engines: {node: '>=12'}
    cpu: [ppc64]
    os: [linux]
    requiresBuild: true
    dev: true
    optional: true

  /@esbuild/linux-riscv64/0.17.14:
    resolution: {integrity: sha512-0qdlKScLXA8MGVy21JUKvMzCYWovctuP8KKqhtE5A6IVPq4onxXhSuhwDd2g5sRCzNDlDjitc5sX31BzDoL5Fw==}
    engines: {node: '>=12'}
    cpu: [riscv64]
    os: [linux]
    requiresBuild: true
    dev: true
    optional: true

  /@esbuild/linux-s390x/0.17.14:
    resolution: {integrity: sha512-Hdm2Jo1yaaOro4v3+6/zJk6ygCqIZuSDJHdHaf8nVH/tfOuoEX5Riv03Ka15LmQBYJObUTNS1UdyoMk0WUn9Ww==}
    engines: {node: '>=12'}
    cpu: [s390x]
    os: [linux]
    requiresBuild: true
    dev: true
    optional: true

  /@esbuild/linux-x64/0.17.14:
    resolution: {integrity: sha512-8KHF17OstlK4DuzeF/KmSgzrTWQrkWj5boluiiq7kvJCiQVzUrmSkaBvcLB2UgHpKENO2i6BthPkmUhNDaJsVw==}
    engines: {node: '>=12'}
    cpu: [x64]
    os: [linux]
    requiresBuild: true
    dev: true
    optional: true

  /@esbuild/netbsd-x64/0.17.14:
    resolution: {integrity: sha512-nVwpqvb3yyXztxIT2+VsxJhB5GCgzPdk1n0HHSnchRAcxqKO6ghXwHhJnr0j/B+5FSyEqSxF4q03rbA2fKXtUQ==}
    engines: {node: '>=12'}
    cpu: [x64]
    os: [netbsd]
    requiresBuild: true
    dev: true
    optional: true

  /@esbuild/openbsd-x64/0.17.14:
    resolution: {integrity: sha512-1RZ7uQQ9zcy/GSAJL1xPdN7NDdOOtNEGiJalg/MOzeakZeTrgH/DoCkbq7TaPDiPhWqnDF+4bnydxRqQD7il6g==}
    engines: {node: '>=12'}
    cpu: [x64]
    os: [openbsd]
    requiresBuild: true
    dev: true
    optional: true

  /@esbuild/sunos-x64/0.17.14:
    resolution: {integrity: sha512-nqMjDsFwv7vp7msrwWRysnM38Sd44PKmW8EzV01YzDBTcTWUpczQg6mGao9VLicXSgW/iookNK6AxeogNVNDZA==}
    engines: {node: '>=12'}
    cpu: [x64]
    os: [sunos]
    requiresBuild: true
    dev: true
    optional: true

  /@esbuild/win32-arm64/0.17.14:
    resolution: {integrity: sha512-xrD0mccTKRBBIotrITV7WVQAwNJ5+1va6L0H9zN92v2yEdjfAN7864cUaZwJS7JPEs53bDTzKFbfqVlG2HhyKQ==}
    engines: {node: '>=12'}
    cpu: [arm64]
    os: [win32]
    requiresBuild: true
    dev: true
    optional: true

  /@esbuild/win32-ia32/0.17.14:
    resolution: {integrity: sha512-nXpkz9bbJrLLyUTYtRotSS3t5b+FOuljg8LgLdINWFs3FfqZMtbnBCZFUmBzQPyxqU87F8Av+3Nco/M3hEcu1w==}
    engines: {node: '>=12'}
    cpu: [ia32]
    os: [win32]
    requiresBuild: true
    dev: true
    optional: true

  /@esbuild/win32-x64/0.17.14:
    resolution: {integrity: sha512-gPQmsi2DKTaEgG14hc3CHXHp62k8g6qr0Pas+I4lUxRMugGSATh/Bi8Dgusoz9IQ0IfdrvLpco6kujEIBoaogA==}
    engines: {node: '>=12'}
    cpu: [x64]
    os: [win32]
    requiresBuild: true
    dev: true
    optional: true

  /@jridgewell/resolve-uri/3.1.0:
    resolution: {integrity: sha512-F2msla3tad+Mfht5cJq7LSXcdudKTWCVYUgw6pLFOOHSTtZlj6SWNYAp+AhuqLmWdBO2X5hPrLcu8cVP8fy28w==}
    engines: {node: '>=6.0.0'}
    dev: true

  /@jridgewell/sourcemap-codec/1.4.14:
    resolution: {integrity: sha512-XPSJHWmi394fuUuzDnGz1wiKqWfo1yXecHQMRf2l6hztTO+nPru658AyDngaBe7isIxEkRsPR3FZh+s7iVa4Uw==}
    dev: true

  /@jridgewell/trace-mapping/0.3.9:
    resolution: {integrity: sha512-3Belt6tdc8bPgAtbcmdtNJlirVoTmEb5e2gC94PnkwEW9jI6CAHUeoG85tjWP5WquqfavoMtMwiG4P926ZKKuQ==}
    dependencies:
      '@jridgewell/resolve-uri': 3.1.0
      '@jridgewell/sourcemap-codec': 1.4.14
    dev: true

  /@octokit/auth-token/2.5.0:
    resolution: {integrity: sha512-r5FVUJCOLl19AxiuZD2VRZ/ORjp/4IN98Of6YJoJOkY75CIBuYfmiNHGrDwXr+aLGG55igl9QrxX3hbiXlLb+g==}
    dependencies:
      '@octokit/types': 6.41.0
    dev: false

  /@octokit/auth-token/3.0.3:
    resolution: {integrity: sha512-/aFM2M4HVDBT/jjDBa84sJniv1t9Gm/rLkalaz9htOm+L+8JMj1k9w0CkUdcxNyNxZPlTxKPVko+m1VlM58ZVA==}
    engines: {node: '>= 14'}
    dependencies:
      '@octokit/types': 9.0.0
    dev: false

  /@octokit/core/3.6.0:
    resolution: {integrity: sha512-7RKRKuA4xTjMhY+eG3jthb3hlZCsOwg3rztWh75Xc+ShDWOfDDATWbeZpAHBNRpm4Tv9WgBMOy1zEJYXG6NJ7Q==}
    dependencies:
      '@octokit/auth-token': 2.5.0
      '@octokit/graphql': 4.8.0
      '@octokit/request': 5.6.3
      '@octokit/request-error': 2.1.0
      '@octokit/types': 6.41.0
      before-after-hook: 2.2.3
      universal-user-agent: 6.0.0
    transitivePeerDependencies:
      - encoding
    dev: false

  /@octokit/core/4.2.0:
    resolution: {integrity: sha512-AgvDRUg3COpR82P7PBdGZF/NNqGmtMq2NiPqeSsDIeCfYFOZ9gddqWNQHnFdEUf+YwOj4aZYmJnlPp7OXmDIDg==}
    engines: {node: '>= 14'}
    dependencies:
      '@octokit/auth-token': 3.0.3
      '@octokit/graphql': 5.0.5
      '@octokit/request': 6.2.3
      '@octokit/request-error': 3.0.3
      '@octokit/types': 9.0.0
      before-after-hook: 2.2.3
      universal-user-agent: 6.0.0
    transitivePeerDependencies:
      - encoding
    dev: false

  /@octokit/endpoint/6.0.12:
    resolution: {integrity: sha512-lF3puPwkQWGfkMClXb4k/eUT/nZKQfxinRWJrdZaJO85Dqwo/G0yOC434Jr2ojwafWJMYqFGFa5ms4jJUgujdA==}
    dependencies:
      '@octokit/types': 6.41.0
      is-plain-object: 5.0.0
      universal-user-agent: 6.0.0
    dev: false

  /@octokit/endpoint/7.0.5:
    resolution: {integrity: sha512-LG4o4HMY1Xoaec87IqQ41TQ+glvIeTKqfjkCEmt5AIwDZJwQeVZFIEYXrYY6yLwK+pAScb9Gj4q+Nz2qSw1roA==}
    engines: {node: '>= 14'}
    dependencies:
      '@octokit/types': 9.0.0
      is-plain-object: 5.0.0
      universal-user-agent: 6.0.0
    dev: false

  /@octokit/graphql/4.8.0:
    resolution: {integrity: sha512-0gv+qLSBLKF0z8TKaSKTsS39scVKF9dbMxJpj3U0vC7wjNWFuIpL/z76Qe2fiuCbDRcJSavkXsVtMS6/dtQQsg==}
    dependencies:
      '@octokit/request': 5.6.3
      '@octokit/types': 6.41.0
      universal-user-agent: 6.0.0
    transitivePeerDependencies:
      - encoding
    dev: false

  /@octokit/graphql/5.0.5:
    resolution: {integrity: sha512-Qwfvh3xdqKtIznjX9lz2D458r7dJPP8l6r4GQkIdWQouZwHQK0mVT88uwiU2bdTU2OtT1uOlKpRciUWldpG0yQ==}
    engines: {node: '>= 14'}
    dependencies:
      '@octokit/request': 6.2.3
      '@octokit/types': 9.0.0
      universal-user-agent: 6.0.0
    transitivePeerDependencies:
      - encoding
    dev: false

  /@octokit/openapi-types/12.11.0:
    resolution: {integrity: sha512-VsXyi8peyRq9PqIz/tpqiL2w3w80OgVMwBHltTml3LmVvXiphgeqmY9mvBw9Wu7e0QWk/fqD37ux8yP5uVekyQ==}
    dev: false

  /@octokit/openapi-types/16.0.0:
    resolution: {integrity: sha512-JbFWOqTJVLHZSUUoF4FzAZKYtqdxWu9Z5m2QQnOyEa04fOFljvyh7D3GYKbfuaSWisqehImiVIMG4eyJeP5VEA==}
    dev: false

  /@octokit/plugin-paginate-graphql/2.0.1_@octokit+core@4.2.0:
    resolution: {integrity: sha512-ZlhrWMlkGeK7qkWMKPKb6b7SP6lowN0lsOm+eyDssTBMoEZKSfwK+mrG4YtUhM66YNrJI22L32Vt+CcjteU0Vw==}
    peerDependencies:
      '@octokit/core': '>=4'
    dependencies:
      '@octokit/core': 4.2.0
    dev: false

  /@octokit/plugin-paginate-rest/2.21.3_@octokit+core@3.6.0:
    resolution: {integrity: sha512-aCZTEf0y2h3OLbrgKkrfFdjRL6eSOo8komneVQJnYecAxIej7Bafor2xhuDJOIFau4pk0i/P28/XgtbyPF0ZHw==}
    peerDependencies:
      '@octokit/core': '>=2'
    dependencies:
      '@octokit/core': 3.6.0
      '@octokit/types': 6.41.0
    dev: false

  /@octokit/plugin-rest-endpoint-methods/5.16.2_@octokit+core@3.6.0:
    resolution: {integrity: sha512-8QFz29Fg5jDuTPXVtey05BLm7OB+M8fnvE64RNegzX7U+5NUXcOcnpTIK0YfSHBg8gYd0oxIq3IZTe9SfPZiRw==}
    peerDependencies:
      '@octokit/core': '>=3'
    dependencies:
      '@octokit/core': 3.6.0
      '@octokit/types': 6.41.0
      deprecation: 2.3.1
    dev: false

  /@octokit/request-error/2.1.0:
    resolution: {integrity: sha512-1VIvgXxs9WHSjicsRwq8PlR2LR2x6DwsJAaFgzdi0JfJoGSO8mYI/cHJQ+9FbN21aa+DrgNLnwObmyeSC8Rmpg==}
    dependencies:
      '@octokit/types': 6.41.0
      deprecation: 2.3.1
      once: 1.4.0
    dev: false

  /@octokit/request-error/3.0.3:
    resolution: {integrity: sha512-crqw3V5Iy2uOU5Np+8M/YexTlT8zxCfI+qu+LxUB7SZpje4Qmx3mub5DfEKSO8Ylyk0aogi6TYdf6kxzh2BguQ==}
    engines: {node: '>= 14'}
    dependencies:
      '@octokit/types': 9.0.0
      deprecation: 2.3.1
      once: 1.4.0
    dev: false

  /@octokit/request/5.6.3:
    resolution: {integrity: sha512-bFJl0I1KVc9jYTe9tdGGpAMPy32dLBXXo1dS/YwSCTL/2nd9XeHsY616RE3HPXDVk+a+dBuzyz5YdlXwcDTr2A==}
    dependencies:
      '@octokit/endpoint': 6.0.12
      '@octokit/request-error': 2.1.0
      '@octokit/types': 6.41.0
      is-plain-object: 5.0.0
      node-fetch: 2.6.9
      universal-user-agent: 6.0.0
    transitivePeerDependencies:
      - encoding
    dev: false

  /@octokit/request/6.2.3:
    resolution: {integrity: sha512-TNAodj5yNzrrZ/VxP+H5HiYaZep0H3GU0O7PaF+fhDrt8FPrnkei9Aal/txsN/1P7V3CPiThG0tIvpPDYUsyAA==}
    engines: {node: '>= 14'}
    dependencies:
      '@octokit/endpoint': 7.0.5
      '@octokit/request-error': 3.0.3
      '@octokit/types': 9.0.0
      is-plain-object: 5.0.0
      node-fetch: 2.6.9
      universal-user-agent: 6.0.0
    transitivePeerDependencies:
      - encoding
    dev: false

  /@octokit/types/6.41.0:
    resolution: {integrity: sha512-eJ2jbzjdijiL3B4PrSQaSjuF2sPEQPVCPzBvTHJD9Nz+9dw2SGH4K4xeQJ77YfTq5bRQ+bD8wT11JbeDPmxmGg==}
    dependencies:
      '@octokit/openapi-types': 12.11.0
    dev: false

  /@octokit/types/9.0.0:
    resolution: {integrity: sha512-LUewfj94xCMH2rbD5YJ+6AQ4AVjFYTgpp6rboWM5T7N3IsIF65SBEOVcYMGAEzO/kKNiNaW4LoWtoThOhH06gw==}
    dependencies:
      '@octokit/openapi-types': 16.0.0
    dev: false

  /@sinclair/typebox/0.26.6:
    resolution: {integrity: sha512-7BT4sRfeCV5j/CK/+cXu05B2IxrNBhD1rR3HJ8XG3/oqZfJIA60GnNKo+N4VHA47JTg8zlXuYTLYMVxI3pwMEQ==}
    dev: false

  /@sindresorhus/is/5.3.0:
    resolution: {integrity: sha512-CX6t4SYQ37lzxicAqsBtxA3OseeoVrh9cSJ5PFYam0GksYlupRfy1A+Q4aYD3zvcfECLc0zO2u+ZnR2UYKvCrw==}
    engines: {node: '>=14.16'}
    dev: false

  /@szmarczak/http-timer/5.0.1:
    resolution: {integrity: sha512-+PmQX0PiAYPMeVYe237LJAYvOMYW1j2rH5YROyS3b4CTVJum34HfRvKvAzozHAQG0TnHNdUfY9nCeUyRAs//cw==}
    engines: {node: '>=14.16'}
    dependencies:
      defer-to-connect: 2.0.1
    dev: false

  /@tsconfig/esm/1.0.2:
    resolution: {integrity: sha512-awiISx+G4L+7k97nKnfA5QF6rukawiuycMPfASFHG/0fqjrUlYBuNISy3Yjl1SHIpVi57lYf7dc6L/FoQQCKcA==}
    dev: true

  /@tsconfig/node10/1.0.9:
    resolution: {integrity: sha512-jNsYVVxU8v5g43Erja32laIDHXeoNvFEpX33OK4d6hljo3jDhCBDhx5dhCCTMWUojscpAagGiRkBKxpdl9fxqA==}
    dev: true

  /@tsconfig/node12/1.0.11:
    resolution: {integrity: sha512-cqefuRsh12pWyGsIoBKJA9luFu3mRxCA+ORZvA4ktLSzIuCUtWVxGIuXigEwO5/ywWFMZ2QEGKWvkZG1zDMTag==}
    dev: true

  /@tsconfig/node14/1.0.3:
    resolution: {integrity: sha512-ysT8mhdixWK6Hw3i1V2AeRqZ5WfXg1G43mqoYlM2nc6388Fq5jcXyr5mRsqViLx/GJYdoL0bfXD8nmF+Zn/Iow==}
    dev: true

  /@tsconfig/node16/1.0.3:
    resolution: {integrity: sha512-yOlFc+7UtL/89t2ZhjPvvB/DeAr3r+Dq58IgzsFkOAvVC6NMJXmCGjbptdXdR9qsX7pKcTL+s87FtYREi2dEEQ==}
    dev: true

  /@types/http-cache-semantics/4.0.1:
    resolution: {integrity: sha512-SZs7ekbP8CN0txVG2xVRH6EgKmEm31BOxA07vkFaETzZz1xh+cbt8BcI0slpymvwhx5dlFnQG2rTlPVQn+iRPQ==}
    dev: false

  /@types/node/16.18.22:
    resolution: {integrity: sha512-LJSIirgASa1LicFGTUFwDY7BfKDtLIbijqDLkH47LxEo/jtdrtiZ4/kLPD99bEQhTcPcuh6KhDllHqRxygJD2w==}
    dev: true

  /acorn-walk/8.2.0:
    resolution: {integrity: sha512-k+iyHEuPgSw6SbuDpGQM+06HQUa04DZ3o+F6CSzXMvvI5KMvnaEqXe+YVe555R9nn6GPt404fos4wcgpw12SDA==}
    engines: {node: '>=0.4.0'}
    dev: true

  /acorn/8.8.2:
    resolution: {integrity: sha512-xjIYgE8HBrkpd/sJqOGNspf8uHG+NOHGOw6a/Urj8taM2EXfdNAH2oFcPeIFfsv3+kz/mJrS5VuMqbNLjCa2vw==}
    engines: {node: '>=0.4.0'}
    hasBin: true
    dev: true

  /arg/4.1.3:
    resolution: {integrity: sha512-58S9QDqG0Xx27YwPSt9fJxivjYl432YCwfDMfZ+71RAqUrZef7LrKQZ3LHLOwCS4FLNBplP533Zx895SeOCHvA==}
    dev: true

  /balanced-match/1.0.2:
    resolution: {integrity: sha512-3oSeUO0TMV67hN1AmbXsK4yaqU7tjiHlbxRDZOpH0KW9+CeX4bRAaX0Anxt0tx2MrpRpWwQaPwIlISEJhYU5Pw==}
    dev: false

  /before-after-hook/2.2.3:
    resolution: {integrity: sha512-NzUnlZexiaH/46WDhANlyR2bXRopNg4F/zuSA3OpZnllCUgRaOF2znDioDWrmbNVsuZk6l9pMquQB38cfBZwkQ==}
    dev: false

  /brace-expansion/1.1.11:
    resolution: {integrity: sha512-iCuPHDFgrHX7H2vEI/5xpz07zSHB00TpugqhmYtVmMO6518mCuRMoOYFldEBl0g187ufozdaHgWKcYFb61qGiA==}
    dependencies:
      balanced-match: 1.0.2
      concat-map: 0.0.1
    dev: false

  /cacheable-lookup/7.0.0:
    resolution: {integrity: sha512-+qJyx4xiKra8mZrcwhjMRMUhD5NR1R8esPkzIYxX96JiecFoxAXFuz/GpR3+ev4PE1WamHip78wV0vcmPQtp8w==}
    engines: {node: '>=14.16'}
    dev: false

  /cacheable-request/10.2.9:
    resolution: {integrity: sha512-CaAMr53AS1Tb9evO1BIWFnZjSr8A4pbXofpsNVWPMDZZj3ZQKHwsQG9BrTqQ4x5ZYJXz1T2b8LLtTZODxSpzbg==}
    engines: {node: '>=14.16'}
    dependencies:
      '@types/http-cache-semantics': 4.0.1
      get-stream: 6.0.1
      http-cache-semantics: 4.1.1
      keyv: 4.5.2
      mimic-response: 4.0.0
      normalize-url: 8.0.0
      responselike: 3.0.0
    dev: false

  /concat-map/0.0.1:
    resolution: {integrity: sha512-/Srv4dswyQNBfohGpz9o6Yb3Gz3SrUDqBH5rTuhGR7ahtlbYKnVxw2bCFMRljaA7EXHaXZ8wsHdodFvbkhKmqg==}
    dev: false

  /create-require/1.1.1:
    resolution: {integrity: sha512-dcKFX3jn0MpIaXjisoRvexIJVEKzaq7z2rZKxf+MSr9TkdmHmsU4m2lcLojrj/FHl8mk5VxMmYA+ftRkP/3oKQ==}
    dev: true

  /decompress-response/6.0.0:
    resolution: {integrity: sha512-aW35yZM6Bb/4oJlZncMH2LCoZtJXTRxES17vE3hoRiowU2kWHaJKFkSBDnDR+cm9J+9QhXmREyIfv0pji9ejCQ==}
    engines: {node: '>=10'}
    dependencies:
      mimic-response: 3.1.0
    dev: false

  /defer-to-connect/2.0.1:
    resolution: {integrity: sha512-4tvttepXG1VaYGrRibk5EwJd1t4udunSOVMdLSAL6mId1ix438oPwPZMALY41FCijukO1L0twNcGsdzS7dHgDg==}
    engines: {node: '>=10'}
    dev: false

  /deprecation/2.3.1:
    resolution: {integrity: sha512-xmHIy4F3scKVwMsQ4WnVaS8bHOx0DmVwRywosKhaILI0ywMDWPtBSku2HNxRvF7jtwDRsoEwYQSfbxj8b7RlJQ==}
    dev: false

  /diff/4.0.2:
    resolution: {integrity: sha512-58lmxKSA4BNyLz+HHMUzlOEpg09FV+ev6ZMe3vJihgdxzgcwZ8VoEEPmALCZG9LmqfVoNMMKpttIYTVG6uDY7A==}
    engines: {node: '>=0.3.1'}
    dev: true

  /esbuild/0.17.14:
    resolution: {integrity: sha512-vOO5XhmVj/1XQR9NQ1UPq6qvMYL7QFJU57J5fKBKBKxp17uDt5PgxFDb4A2nEiXhr1qQs4x0F5+66hVVw4ruNw==}
    engines: {node: '>=12'}
    hasBin: true
    requiresBuild: true
    optionalDependencies:
      '@esbuild/android-arm': 0.17.14
      '@esbuild/android-arm64': 0.17.14
      '@esbuild/android-x64': 0.17.14
      '@esbuild/darwin-arm64': 0.17.14
      '@esbuild/darwin-x64': 0.17.14
      '@esbuild/freebsd-arm64': 0.17.14
      '@esbuild/freebsd-x64': 0.17.14
      '@esbuild/linux-arm': 0.17.14
      '@esbuild/linux-arm64': 0.17.14
      '@esbuild/linux-ia32': 0.17.14
      '@esbuild/linux-loong64': 0.17.14
      '@esbuild/linux-mips64el': 0.17.14
      '@esbuild/linux-ppc64': 0.17.14
      '@esbuild/linux-riscv64': 0.17.14
      '@esbuild/linux-s390x': 0.17.14
      '@esbuild/linux-x64': 0.17.14
      '@esbuild/netbsd-x64': 0.17.14
      '@esbuild/openbsd-x64': 0.17.14
      '@esbuild/sunos-x64': 0.17.14
      '@esbuild/win32-arm64': 0.17.14
      '@esbuild/win32-ia32': 0.17.14
      '@esbuild/win32-x64': 0.17.14
    dev: true

  /form-data-encoder/2.1.4:
    resolution: {integrity: sha512-yDYSgNMraqvnxiEXO4hi88+YZxaHC6QKzb5N84iRCTDeRO7ZALpir/lVmf/uXUhnwUr2O4HU8s/n6x+yNjQkHw==}
    engines: {node: '>= 14.17'}
    dev: false

  /fs.realpath/1.0.0:
    resolution: {integrity: sha512-OO0pH2lK6a0hZnAdau5ItzHPI6pUlvI7jMVnxUQRtw4owF2wk8lOSabtGDCTP4Ggrg2MbGnWO9X8K1t4+fGMDw==}
    dev: false

  /get-stream/6.0.1:
    resolution: {integrity: sha512-ts6Wi+2j3jQjqi70w5AlN8DFnkSwC+MqmxEzdEALB2qXZYV3X/b1CTfgPLGJNMeAWxdPfU8FO1ms3NUfaHCPYg==}
    engines: {node: '>=10'}
    dev: false

  /glob/7.2.3:
    resolution: {integrity: sha512-nFR0zLpU2YCaRxwoCJvL6UvCH2JFyFVIvwTLsIf21AuHlMskA1hhTdk+LlYJtOlYt9v6dvszD2BGRqBL+iQK9Q==}
    dependencies:
      fs.realpath: 1.0.0
      inflight: 1.0.6
      inherits: 2.0.4
      minimatch: 3.1.2
      once: 1.4.0
      path-is-absolute: 1.0.1
    dev: false

  /got/12.6.0:
    resolution: {integrity: sha512-WTcaQ963xV97MN3x0/CbAriXFZcXCfgxVp91I+Ze6pawQOa7SgzwSx2zIJJsX+kTajMnVs0xcFD1TxZKFqhdnQ==}
    engines: {node: '>=14.16'}
    dependencies:
      '@sindresorhus/is': 5.3.0
      '@szmarczak/http-timer': 5.0.1
      cacheable-lookup: 7.0.0
      cacheable-request: 10.2.9
      decompress-response: 6.0.0
      form-data-encoder: 2.1.4
      get-stream: 6.0.1
      http2-wrapper: 2.2.0
      lowercase-keys: 3.0.0
      p-cancelable: 3.0.0
      responselike: 3.0.0
    dev: false

  /http-cache-semantics/4.1.1:
    resolution: {integrity: sha512-er295DKPVsV82j5kw1Gjt+ADA/XYHsajl82cGNQG2eyoPkvgUhX+nDIyelzhIWbbsXP39EHcI6l5tYs2FYqYXQ==}
    dev: false

  /http2-wrapper/2.2.0:
    resolution: {integrity: sha512-kZB0wxMo0sh1PehyjJUWRFEd99KC5TLjZ2cULC4f9iqJBAmKQQXEICjxl5iPJRwP40dpeHFqqhm7tYCvODpqpQ==}
    engines: {node: '>=10.19.0'}
    dependencies:
      quick-lru: 5.1.1
      resolve-alpn: 1.2.1
    dev: false

  /inflight/1.0.6:
    resolution: {integrity: sha512-k92I/b08q4wvFscXCLvqfsHCrjrF7yiXsQuIVvVE7N82W3+aqpzuUdBbfhWcy/FZR3/4IgflMgKLOsvPDrGCJA==}
    dependencies:
      once: 1.4.0
      wrappy: 1.0.2
    dev: false

  /inherits/2.0.4:
    resolution: {integrity: sha512-k/vGaX4/Yla3WzyMCvTQOXYeIHvqOKtnqBduzTHpzpQZzAskKMhZ2K+EnBiSM9zGSoIFeMpXKxa4dYeZIQqewQ==}
    dev: false

  /is-plain-object/5.0.0:
    resolution: {integrity: sha512-VRSzKkbMm5jMDoKLbltAkFQ5Qr7VDiTFGXxYFXXowVj387GeGNOCsOH6Msy00SGZ3Fp84b1Naa1psqgcCIEP5Q==}
    engines: {node: '>=0.10.0'}
    dev: false

  /json-buffer/3.0.1:
    resolution: {integrity: sha512-4bV5BfR2mqfQTJm+V5tPPdf+ZpuhiIvTuAB5g8kcrXOZpTT/QwwVRWBywX1ozr6lEuPdbHxwaJlm9G6mI2sfSQ==}
    dev: false

  /keyv/4.5.2:
    resolution: {integrity: sha512-5MHbFaKn8cNSmVW7BYnijeAVlE4cYA/SVkifVgrh7yotnfhKmjuXpDKjrABLnT0SfHWV21P8ow07OGfRrNDg8g==}
    dependencies:
      json-buffer: 3.0.1
    dev: false

  /lowercase-keys/3.0.0:
    resolution: {integrity: sha512-ozCC6gdQ+glXOQsveKD0YsDy8DSQFjDTz4zyzEHNV5+JP5D62LmfDZ6o1cycFx9ouG940M5dE8C8CTewdj2YWQ==}
    engines: {node: ^12.20.0 || ^14.13.1 || >=16.0.0}
    dev: false

  /make-error/1.3.6:
    resolution: {integrity: sha512-s8UhlNe7vPKomQhC1qFelMokr/Sc3AgNbso3n74mVPA5LTZwkB9NlXf4XPamLxJE8h0gh73rM94xvwRT2CVInw==}
    dev: true

  /mimic-response/3.1.0:
    resolution: {integrity: sha512-z0yWI+4FDrrweS8Zmt4Ej5HdJmky15+L2e6Wgn3+iK5fWzb6T3fhNFq2+MeTRb064c6Wr4N/wv0DzQTjNzHNGQ==}
    engines: {node: '>=10'}
    dev: false

  /mimic-response/4.0.0:
    resolution: {integrity: sha512-e5ISH9xMYU0DzrT+jl8q2ze9D6eWBto+I8CNpe+VI+K2J/F/k3PdkdTdz4wvGVH4NTpo+NRYTVIuMQEMMcsLqg==}
    engines: {node: ^12.20.0 || ^14.13.1 || >=16.0.0}
    dev: false

  /minimatch/3.1.2:
    resolution: {integrity: sha512-J7p63hRiAjw1NDEww1W7i37+ByIrOWO5XQQAzZ3VOcL0PNybwpfmV/N05zFAzwQ9USyEcX6t3UO+K5aqBQOIHw==}
    dependencies:
      brace-expansion: 1.1.11
    dev: false

  /node-fetch/2.6.9:
    resolution: {integrity: sha512-DJm/CJkZkRjKKj4Zi4BsKVZh3ValV5IR5s7LVZnW+6YMh0W1BfNA8XSs6DLMGYlId5F3KnA70uu2qepcR08Qqg==}
    engines: {node: 4.x || >=6.0.0}
    peerDependencies:
      encoding: ^0.1.0
    peerDependenciesMeta:
      encoding:
        optional: true
    dependencies:
      whatwg-url: 5.0.0
    dev: false

  /normalize-url/8.0.0:
    resolution: {integrity: sha512-uVFpKhj5MheNBJRTiMZ9pE/7hD1QTeEvugSJW/OmLzAp78PB5O6adfMNTvmfKhXBkvCzC+rqifWcVYpGFwTjnw==}
    engines: {node: '>=14.16'}
    dev: false

  /once/1.4.0:
    resolution: {integrity: sha512-lNaJgI+2Q5URQBkccEKHTQOPaXdUxnZZElQTZY0MFUAuaEqe1E+Nyvgdz/aIyNi6Z9MzO5dv1H8n58/GELp3+w==}
    dependencies:
      wrappy: 1.0.2
    dev: false

  /p-cancelable/3.0.0:
    resolution: {integrity: sha512-mlVgR3PGuzlo0MmTdk4cXqXWlwQDLnONTAg6sm62XkMJEiRxN3GL3SffkYvqwonbkJBcrI7Uvv5Zh9yjvn2iUw==}
    engines: {node: '>=12.20'}
    dev: false

  /path-is-absolute/1.0.1:
    resolution: {integrity: sha512-AVbw3UJ2e9bq64vSaS9Am0fje1Pa8pbGqTTsmXfaIiMpnr5DlDhfJOuLj9Sf95ZPVDAUerDfEk88MPmPe7UCQg==}
    engines: {node: '>=0.10.0'}
    dev: false

  /prettier/2.8.7:
    resolution: {integrity: sha512-yPngTo3aXUUmyuTjeTUT75txrf+aMh9FiD7q9ZE/i6r0bPb22g4FsE6Y338PQX1bmfy08i9QQCB7/rcUAVntfw==}
    engines: {node: '>=10.13.0'}
    hasBin: true
    dev: true

  /quick-lru/5.1.1:
    resolution: {integrity: sha512-WuyALRjWPDGtt/wzJiadO5AXY+8hZ80hVpe6MyivgraREW751X3SbhRvG3eLKOYN+8VEvqLcf3wdnt44Z4S4SA==}
    engines: {node: '>=10'}
    dev: false

  /resolve-alpn/1.2.1:
    resolution: {integrity: sha512-0a1F4l73/ZFZOakJnQ3FvkJ2+gSTQWz/r2KE5OdDY0TxPm5h4GkqkWWfM47T7HsbnOtcJVEF4epCVy6u7Q3K+g==}
    dev: false

  /responselike/3.0.0:
    resolution: {integrity: sha512-40yHxbNcl2+rzXvZuVkrYohathsSJlMTXKryG5y8uciHv1+xDLHQpgjG64JUO9nrEq2jGLH6IZ8BcZyw3wrweg==}
    engines: {node: '>=14.16'}
    dependencies:
      lowercase-keys: 3.0.0
    dev: false

  /rimraf/3.0.2:
    resolution: {integrity: sha512-JZkJMZkAGFFPP2YqXZXPbMlMBgsxzE8ILs4lMIX/2o0L9UBw9O/Y3o6wFw/i9YLapcUJWwqbi3kdxIPdC62TIA==}
    hasBin: true
    dependencies:
      glob: 7.2.3
    dev: false

  /tmp-promise/3.0.3:
    resolution: {integrity: sha512-RwM7MoPojPxsOBYnyd2hy0bxtIlVrihNs9pj5SUvY8Zz1sQcQG2tG1hSr8PDxfgEB8RNKDhqbIlroIarSNDNsQ==}
    dependencies:
      tmp: 0.2.1
    dev: false

  /tmp/0.2.1:
    resolution: {integrity: sha512-76SUhtfqR2Ijn+xllcI5P1oyannHNHByD80W1q447gU3mp9G9PSpGdWmjUOHRDPiHYacIk66W7ubDTuPF3BEtQ==}
    engines: {node: '>=8.17.0'}
    dependencies:
      rimraf: 3.0.2
    dev: false

  /tr46/0.0.3:
    resolution: {integrity: sha512-N3WMsuqV66lT30CrXNbEjx4GEwlow3v6rr4mCcv6prnfwhS01rkgyFdjPNBYd9br7LpXV1+Emh01fHnq2Gdgrw==}
    dev: false

  /ts-node/10.9.1_pkhrkd4se2kwy6k73i5zdfzaom:
    resolution: {integrity: sha512-NtVysVPkxxrwFGUUxGYhfux8k78pQB3JqYBXlLRZgdGUqTO5wU/UyHop5p70iEbGhB7q5KmiZiU0Y3KlJrScEw==}
    hasBin: true
    peerDependencies:
      '@swc/core': '>=1.2.50'
      '@swc/wasm': '>=1.2.50'
      '@types/node': '*'
      typescript: '>=2.7'
    peerDependenciesMeta:
      '@swc/core':
        optional: true
      '@swc/wasm':
        optional: true
    dependencies:
      '@cspotcode/source-map-support': 0.8.1
      '@tsconfig/node10': 1.0.9
      '@tsconfig/node12': 1.0.11
      '@tsconfig/node14': 1.0.3
      '@tsconfig/node16': 1.0.3
      '@types/node': 16.18.22
      acorn: 8.8.2
      acorn-walk: 8.2.0
      arg: 4.1.3
      create-require: 1.1.1
      diff: 4.0.2
      make-error: 1.3.6
      typescript: 5.0.2
      v8-compile-cache-lib: 3.0.1
      yn: 3.1.1
    dev: true

  /tunnel/0.0.6:
    resolution: {integrity: sha512-1h/Lnq9yajKY2PEbBadPXj3VxsDDu844OnaAo52UVmIzIvwwtBPIuNvkjuzBlTWpfJyUbG3ez0KSBibQkj4ojg==}
    engines: {node: '>=0.6.11 <=0.7.0 || >=0.7.3'}
    dev: false

  /typescript/5.0.2:
    resolution: {integrity: sha512-wVORMBGO/FAs/++blGNeAVdbNKtIh1rbBL2EyQ1+J9lClJ93KiiKe8PmFIVdXhHcyv44SL9oglmfeSsndo0jRw==}
    engines: {node: '>=12.20'}
    hasBin: true
    dev: true

  /universal-user-agent/6.0.0:
    resolution: {integrity: sha512-isyNax3wXoKaulPDZWHQqbmIx1k2tb9fb3GGDBRxCscfYV2Ch7WxPArBsFEG8s/safwXTT7H4QGhaIkTp9447w==}
    dev: false

  /uuid/8.3.2:
    resolution: {integrity: sha512-+NYs2QeMWy+GWFOEm9xnn6HCDp0l7QBD7ml8zLUmJ+93Q5NF0NocErnwkTkXVFNiX3/fpC6afS8Dhb/gz7R7eg==}
    hasBin: true
    dev: false

  /v8-compile-cache-lib/3.0.1:
    resolution: {integrity: sha512-wa7YjyUGfNZngI/vtK0UHAN+lgDCxBPCylVXGp0zu59Fz5aiGtNXaq3DhIov063MorB+VfufLh3JlF2KdTK3xg==}
    dev: true

  /webidl-conversions/3.0.1:
    resolution: {integrity: sha512-2JAn3z8AR6rjK8Sm8orRC0h/bcl/DqL7tRPdGZ4I1CjdF+EaMLmYxBHyXuKL849eucPFhvBoxMsflfOb8kxaeQ==}
    dev: false

  /whatwg-url/5.0.0:
    resolution: {integrity: sha512-saE57nupxk6v3HY35+jzBwYa0rKSy0XR8JSxZPwgLr7ys0IBzhGviA1/TUGJLmSVqs8pb9AnvICXEuOHLprYTw==}
    dependencies:
      tr46: 0.0.3
      webidl-conversions: 3.0.1
    dev: false

  /wrappy/1.0.2:
    resolution: {integrity: sha512-l4Sp/DRseor9wL6EvV2+TuQn63dMkPjZ/sp9XkghTEbV9KlPS1xUsZ3u7/IQO4wxtcFB4bgpQPRcR3QCvezPcQ==}
    dev: false

  /yn/3.1.1:
    resolution: {integrity: sha512-Ux4ygGWsu2c7isFWe8Yu1YluJmqVhxqK2cLXNQA5AcC3QfbGNpM7fu0Y8b/z16pXLnFxZYvWhd3fhBY9DLmC6Q==}
    engines: {node: '>=6'}
    dev: true
